// !$*UTF8*$!
{
	archiveVersion = 1;
	classes = {
	};
	objectVersion = 48;
	objects = {

/* Begin PBXBuildFile section */
		8F586F081EAF2AD00098343B /* AppDelegate.swift in Sources */ = {isa = PBXBuildFile; fileRef = 8F586F071EAF2AD00098343B /* AppDelegate.swift */; };
		8F586F0F1EAF2AD00098343B /* Assets.xcassets in Resources */ = {isa = PBXBuildFile; fileRef = 8F586F0E1EAF2AD00098343B /* Assets.xcassets */; };
		8F586F121EAF2AD00098343B /* LaunchScreen.storyboard in Resources */ = {isa = PBXBuildFile; fileRef = 8F586F101EAF2AD00098343B /* LaunchScreen.storyboard */; };
		8F586F251EAF2B440098343B /* CSProgressHUD.framework in Frameworks */ = {isa = PBXBuildFile; fileRef = 8F586F1F1EAF2AFC0098343B /* CSProgressHUD.framework */; };
		8F586F261EAF2B440098343B /* CSProgressHUD.framework in Embed Frameworks */ = {isa = PBXBuildFile; fileRef = 8F586F1F1EAF2AFC0098343B /* CSProgressHUD.framework */; settings = {ATTRIBUTES = (CodeSignOnCopy, RemoveHeadersOnCopy, ); }; };
		8F586F2C1EAF2D790098343B /* ViewController.swift in Sources */ = {isa = PBXBuildFile; fileRef = 8F586F2A1EAF2D790098343B /* ViewController.swift */; };
		8F586F2D1EAF2D790098343B /* ViewController.xib in Resources */ = {isa = PBXBuildFile; fileRef = 8F586F2B1EAF2D790098343B /* ViewController.xib */; };
/* End PBXBuildFile section */

/* Begin PBXContainerItemProxy section */
		8F586F1E1EAF2AFC0098343B /* PBXContainerItemProxy */ = {
			isa = PBXContainerItemProxy;
			containerPortal = 8F586F1A1EAF2AFC0098343B /* CSProgressHUD.xcodeproj */;
			proxyType = 2;
			remoteGlobalIDString = 8FFDC34B1EA7AD0400749DCF;
			remoteInfo = CSProgressHUD;
		};
		8F586F271EAF2B440098343B /* PBXContainerItemProxy */ = {
			isa = PBXContainerItemProxy;
			containerPortal = 8F586F1A1EAF2AFC0098343B /* CSProgressHUD.xcodeproj */;
			proxyType = 1;
			remoteGlobalIDString = 8FFDC34A1EA7AD0400749DCF;
			remoteInfo = CSProgressHUD;
		};
/* End PBXContainerItemProxy section */

/* Begin PBXCopyFilesBuildPhase section */
		8F586F291EAF2B440098343B /* Embed Frameworks */ = {
			isa = PBXCopyFilesBuildPhase;
			buildActionMask = 2147483647;
			dstPath = "";
			dstSubfolderSpec = 10;
			files = (
				8F586F261EAF2B440098343B /* CSProgressHUD.framework in Embed Frameworks */,
			);
			name = "Embed Frameworks";
			runOnlyForDeploymentPostprocessing = 0;
		};
/* End PBXCopyFilesBuildPhase section */

/* Begin PBXFileReference section */
		8F586F041EAF2ACF0098343B /* CSProgressHUD-Demo.app */ = {isa = PBXFileReference; explicitFileType = wrapper.application; includeInIndex = 0; path = "CSProgressHUD-Demo.app"; sourceTree = BUILT_PRODUCTS_DIR; };
		8F586F071EAF2AD00098343B /* AppDelegate.swift */ = {isa = PBXFileReference; lastKnownFileType = sourcecode.swift; path = AppDelegate.swift; sourceTree = "<group>"; };
		8F586F0E1EAF2AD00098343B /* Assets.xcassets */ = {isa = PBXFileReference; lastKnownFileType = folder.assetcatalog; path = Assets.xcassets; sourceTree = "<group>"; };
		8F586F111EAF2AD00098343B /* Base */ = {isa = PBXFileReference; lastKnownFileType = file.storyboard; name = Base; path = Base.lproj/LaunchScreen.storyboard; sourceTree = "<group>"; };
		8F586F131EAF2AD00098343B /* Info.plist */ = {isa = PBXFileReference; lastKnownFileType = text.plist.xml; path = Info.plist; sourceTree = "<group>"; };
		8F586F1A1EAF2AFC0098343B /* CSProgressHUD.xcodeproj */ = {isa = PBXFileReference; lastKnownFileType = "wrapper.pb-project"; name = CSProgressHUD.xcodeproj; path = ../CSProgressHUD.xcodeproj; sourceTree = "<group>"; };
		8F586F2A1EAF2D790098343B /* ViewController.swift */ = {isa = PBXFileReference; fileEncoding = 4; lastKnownFileType = sourcecode.swift; path = ViewController.swift; sourceTree = "<group>"; };
		8F586F2B1EAF2D790098343B /* ViewController.xib */ = {isa = PBXFileReference; fileEncoding = 4; lastKnownFileType = file.xib; path = ViewController.xib; sourceTree = "<group>"; };
/* End PBXFileReference section */

/* Begin PBXFrameworksBuildPhase section */
		8F586F011EAF2ACF0098343B /* Frameworks */ = {
			isa = PBXFrameworksBuildPhase;
			buildActionMask = 2147483647;
			files = (
				8F586F251EAF2B440098343B /* CSProgressHUD.framework in Frameworks */,
			);
			runOnlyForDeploymentPostprocessing = 0;
		};
/* End PBXFrameworksBuildPhase section */

/* Begin PBXGroup section */
		8F586EFB1EAF2ACF0098343B = {
			isa = PBXGroup;
			children = (
				8F586F061EAF2ACF0098343B /* CSProgressHUD-Demo */,
				8F586F051EAF2ACF0098343B /* Products */,
				8F586F191EAF2AFC0098343B /* Frameworks */,
			);
			sourceTree = "<group>";
		};
		8F586F051EAF2ACF0098343B /* Products */ = {
			isa = PBXGroup;
			children = (
				8F586F041EAF2ACF0098343B /* CSProgressHUD-Demo.app */,
			);
			name = Products;
			sourceTree = "<group>";
		};
		8F586F061EAF2ACF0098343B /* CSProgressHUD-Demo */ = {
			isa = PBXGroup;
			children = (
				8F586F071EAF2AD00098343B /* AppDelegate.swift */,
				8F586F0E1EAF2AD00098343B /* Assets.xcassets */,
				8F586F101EAF2AD00098343B /* LaunchScreen.storyboard */,
				8F586F131EAF2AD00098343B /* Info.plist */,
				8F586F2A1EAF2D790098343B /* ViewController.swift */,
				8F586F2B1EAF2D790098343B /* ViewController.xib */,
			);
			path = "CSProgressHUD-Demo";
			sourceTree = "<group>";
		};
		8F586F191EAF2AFC0098343B /* Frameworks */ = {
			isa = PBXGroup;
			children = (
				8F586F1A1EAF2AFC0098343B /* CSProgressHUD.xcodeproj */,
			);
			name = Frameworks;
			sourceTree = "<group>";
		};
		8F586F1B1EAF2AFC0098343B /* Products */ = {
			isa = PBXGroup;
			children = (
				8F586F1F1EAF2AFC0098343B /* CSProgressHUD.framework */,
			);
			name = Products;
			sourceTree = "<group>";
		};
/* End PBXGroup section */

/* Begin PBXNativeTarget section */
		8F586F031EAF2ACF0098343B /* CSProgressHUD-Demo */ = {
			isa = PBXNativeTarget;
			buildConfigurationList = 8F586F161EAF2AD00098343B /* Build configuration list for PBXNativeTarget "CSProgressHUD-Demo" */;
			buildPhases = (
				8F586F001EAF2ACF0098343B /* Sources */,
				8F586F011EAF2ACF0098343B /* Frameworks */,
				8F586F021EAF2ACF0098343B /* Resources */,
				8F586F291EAF2B440098343B /* Embed Frameworks */,
			);
			buildRules = (
			);
			dependencies = (
				8F586F281EAF2B440098343B /* PBXTargetDependency */,
			);
			name = "CSProgressHUD-Demo";
			productName = "CSProgressHUD-Demo";
			productReference = 8F586F041EAF2ACF0098343B /* CSProgressHUD-Demo.app */;
			productType = "com.apple.product-type.application";
		};
/* End PBXNativeTarget section */

/* Begin PBXProject section */
		8F586EFC1EAF2ACF0098343B /* Project object */ = {
			isa = PBXProject;
			attributes = {
				LastSwiftUpdateCheck = 0830;
				LastUpgradeCheck = 1000;
				ORGANIZATIONNAME = Comtasoft;
				TargetAttributes = {
					8F586F031EAF2ACF0098343B = {
						CreatedOnToolsVersion = 8.3.2;
						DevelopmentTeam = VP7JWS9W9X;
						LastSwiftMigration = 1000;
						ProvisioningStyle = Automatic;
					};
				};
			};
			buildConfigurationList = 8F586EFF1EAF2ACF0098343B /* Build configuration list for PBXProject "CSProgressHUD-Demo" */;
			compatibilityVersion = "Xcode 8.0";
			developmentRegion = English;
			hasScannedForEncodings = 0;
			knownRegions = (
				en,
				Base,
			);
			mainGroup = 8F586EFB1EAF2ACF0098343B;
			productRefGroup = 8F586F051EAF2ACF0098343B /* Products */;
			projectDirPath = "";
			projectReferences = (
				{
					ProductGroup = 8F586F1B1EAF2AFC0098343B /* Products */;
					ProjectRef = 8F586F1A1EAF2AFC0098343B /* CSProgressHUD.xcodeproj */;
				},
			);
			projectRoot = "";
			targets = (
				8F586F031EAF2ACF0098343B /* CSProgressHUD-Demo */,
			);
		};
/* End PBXProject section */

/* Begin PBXReferenceProxy section */
		8F586F1F1EAF2AFC0098343B /* CSProgressHUD.framework */ = {
			isa = PBXReferenceProxy;
			fileType = wrapper.framework;
			path = CSProgressHUD.framework;
			remoteRef = 8F586F1E1EAF2AFC0098343B /* PBXContainerItemProxy */;
			sourceTree = BUILT_PRODUCTS_DIR;
		};
/* End PBXReferenceProxy section */

/* Begin PBXResourcesBuildPhase section */
		8F586F021EAF2ACF0098343B /* Resources */ = {
			isa = PBXResourcesBuildPhase;
			buildActionMask = 2147483647;
			files = (
				8F586F121EAF2AD00098343B /* LaunchScreen.storyboard in Resources */,
				8F586F2D1EAF2D790098343B /* ViewController.xib in Resources */,
				8F586F0F1EAF2AD00098343B /* Assets.xcassets in Resources */,
			);
			runOnlyForDeploymentPostprocessing = 0;
		};
/* End PBXResourcesBuildPhase section */

/* Begin PBXSourcesBuildPhase section */
		8F586F001EAF2ACF0098343B /* Sources */ = {
			isa = PBXSourcesBuildPhase;
			buildActionMask = 2147483647;
			files = (
				8F586F2C1EAF2D790098343B /* ViewController.swift in Sources */,
				8F586F081EAF2AD00098343B /* AppDelegate.swift in Sources */,
			);
			runOnlyForDeploymentPostprocessing = 0;
		};
/* End PBXSourcesBuildPhase section */

/* Begin PBXTargetDependency section */
		8F586F281EAF2B440098343B /* PBXTargetDependency */ = {
			isa = PBXTargetDependency;
			name = CSProgressHUD;
			targetProxy = 8F586F271EAF2B440098343B /* PBXContainerItemProxy */;
		};
/* End PBXTargetDependency section */

/* Begin PBXVariantGroup section */
		8F586F101EAF2AD00098343B /* LaunchScreen.storyboard */ = {
			isa = PBXVariantGroup;
			children = (
				8F586F111EAF2AD00098343B /* Base */,
			);
			name = LaunchScreen.storyboard;
			sourceTree = "<group>";
		};
/* End PBXVariantGroup section */

/* Begin XCBuildConfiguration section */
		8F586F141EAF2AD00098343B /* Debug */ = {
			isa = XCBuildConfiguration;
			buildSettings = {
				ALWAYS_SEARCH_USER_PATHS = NO;
				CLANG_ANALYZER_NONNULL = YES;
				CLANG_ANALYZER_NUMBER_OBJECT_CONVERSION = YES_AGGRESSIVE;
				CLANG_CXX_LANGUAGE_STANDARD = "gnu++17";
				CLANG_CXX_LIBRARY = "libc++";
				CLANG_ENABLE_MODULES = YES;
				CLANG_ENABLE_OBJC_ARC = YES;
				CLANG_WARN_BLOCK_CAPTURE_AUTORELEASING = YES;
				CLANG_WARN_BOOL_CONVERSION = YES;
				CLANG_WARN_COMMA = YES;
				CLANG_WARN_CONSTANT_CONVERSION = YES;
				CLANG_WARN_DEPRECATED_OBJC_IMPLEMENTATIONS = YES;
				CLANG_WARN_DIRECT_OBJC_ISA_USAGE = YES_ERROR;
				CLANG_WARN_DOCUMENTATION_COMMENTS = YES;
				CLANG_WARN_EMPTY_BODY = YES;
				CLANG_WARN_ENUM_CONVERSION = YES;
				CLANG_WARN_INFINITE_RECURSION = YES;
				CLANG_WARN_INT_CONVERSION = YES;
				CLANG_WARN_NON_LITERAL_NULL_CONVERSION = YES;
				CLANG_WARN_OBJC_IMPLICIT_RETAIN_SELF = YES;
				CLANG_WARN_OBJC_LITERAL_CONVERSION = YES;
				CLANG_WARN_OBJC_ROOT_CLASS = YES_ERROR;
				CLANG_WARN_RANGE_LOOP_ANALYSIS = YES;
				CLANG_WARN_STRICT_PROTOTYPES = YES;
				CLANG_WARN_SUSPICIOUS_MOVE = YES;
				CLANG_WARN_UNREACHABLE_CODE = YES;
				CLANG_WARN__DUPLICATE_METHOD_MATCH = YES;
				"CODE_SIGN_IDENTITY[sdk=iphoneos*]" = "iPhone Developer";
				COPY_PHASE_STRIP = NO;
				DEBUG_INFORMATION_FORMAT = dwarf;
				ENABLE_STRICT_OBJC_MSGSEND = YES;
				ENABLE_TESTABILITY = YES;
				GCC_C_LANGUAGE_STANDARD = gnu11;
				GCC_DYNAMIC_NO_PIC = NO;
				GCC_NO_COMMON_BLOCKS = YES;
				GCC_OPTIMIZATION_LEVEL = 0;
				GCC_PREPROCESSOR_DEFINITIONS = (
					"DEBUG=1",
					"$(inherited)",
				);
				GCC_WARN_64_TO_32_BIT_CONVERSION = YES;
				GCC_WARN_ABOUT_RETURN_TYPE = YES_ERROR;
				GCC_WARN_UNDECLARED_SELECTOR = YES;
				GCC_WARN_UNINITIALIZED_AUTOS = YES_AGGRESSIVE;
				GCC_WARN_UNUSED_FUNCTION = YES;
				GCC_WARN_UNUSED_VARIABLE = YES;
				IPHONEOS_DEPLOYMENT_TARGET = 9.0;
				MTL_ENABLE_DEBUG_INFO = YES;
				ONLY_ACTIVE_ARCH = YES;
				SDKROOT = iphoneos;
				SWIFT_ACTIVE_COMPILATION_CONDITIONS = DEBUG;
				SWIFT_OBJC_INTERFACE_HEADER_NAME = "";
				SWIFT_OPTIMIZATION_LEVEL = "-Onone";
				SWIFT_VERSION = 4.2;
				TARGETED_DEVICE_FAMILY = "1,2";
			};
			name = Debug;
		};
		8F586F151EAF2AD00098343B /* Release */ = {
			isa = XCBuildConfiguration;
			buildSettings = {
				ALWAYS_SEARCH_USER_PATHS = NO;
				CLANG_ANALYZER_NONNULL = YES;
				CLANG_ANALYZER_NUMBER_OBJECT_CONVERSION = YES_AGGRESSIVE;
				CLANG_CXX_LANGUAGE_STANDARD = "gnu++17";
				CLANG_CXX_LIBRARY = "libc++";
				CLANG_ENABLE_MODULES = YES;
				CLANG_ENABLE_OBJC_ARC = YES;
				CLANG_WARN_BLOCK_CAPTURE_AUTORELEASING = YES;
				CLANG_WARN_BOOL_CONVERSION = YES;
				CLANG_WARN_COMMA = YES;
				CLANG_WARN_CONSTANT_CONVERSION = YES;
				CLANG_WARN_DEPRECATED_OBJC_IMPLEMENTATIONS = YES;
				CLANG_WARN_DIRECT_OBJC_ISA_USAGE = YES_ERROR;
				CLANG_WARN_DOCUMENTATION_COMMENTS = YES;
				CLANG_WARN_EMPTY_BODY = YES;
				CLANG_WARN_ENUM_CONVERSION = YES;
				CLANG_WARN_INFINITE_RECURSION = YES;
				CLANG_WARN_INT_CONVERSION = YES;
				CLANG_WARN_NON_LITERAL_NULL_CONVERSION = YES;
				CLANG_WARN_OBJC_IMPLICIT_RETAIN_SELF = YES;
				CLANG_WARN_OBJC_LITERAL_CONVERSION = YES;
				CLANG_WARN_OBJC_ROOT_CLASS = YES_ERROR;
				CLANG_WARN_RANGE_LOOP_ANALYSIS = YES;
				CLANG_WARN_STRICT_PROTOTYPES = YES;
				CLANG_WARN_SUSPICIOUS_MOVE = YES;
				CLANG_WARN_UNREACHABLE_CODE = YES;
				CLANG_WARN__DUPLICATE_METHOD_MATCH = YES;
				"CODE_SIGN_IDENTITY[sdk=iphoneos*]" = "iPhone Developer";
				COPY_PHASE_STRIP = NO;
				DEBUG_INFORMATION_FORMAT = "dwarf-with-dsym";
				ENABLE_NS_ASSERTIONS = NO;
				ENABLE_STRICT_OBJC_MSGSEND = YES;
				GCC_C_LANGUAGE_STANDARD = gnu11;
				GCC_NO_COMMON_BLOCKS = YES;
				GCC_WARN_64_TO_32_BIT_CONVERSION = YES;
				GCC_WARN_ABOUT_RETURN_TYPE = YES_ERROR;
				GCC_WARN_UNDECLARED_SELECTOR = YES;
				GCC_WARN_UNINITIALIZED_AUTOS = YES_AGGRESSIVE;
				GCC_WARN_UNUSED_FUNCTION = YES;
				GCC_WARN_UNUSED_VARIABLE = YES;
				IPHONEOS_DEPLOYMENT_TARGET = 9.0;
				MTL_ENABLE_DEBUG_INFO = NO;
				SDKROOT = iphoneos;
				SWIFT_OBJC_INTERFACE_HEADER_NAME = "";
				SWIFT_OPTIMIZATION_LEVEL = "-Owholemodule";
				SWIFT_VERSION = 4.2;
				TARGETED_DEVICE_FAMILY = "1,2";
				VALIDATE_PRODUCT = YES;
			};
			name = Release;
		};
		8F586F171EAF2AD00098343B /* Debug */ = {
			isa = XCBuildConfiguration;
			buildSettings = {
				ALWAYS_EMBED_SWIFT_STANDARD_LIBRARIES = YES;
				ASSETCATALOG_COMPILER_APPICON_NAME = AppIcon;
				"CODE_SIGN_IDENTITY[sdk=iphoneos*]" = "iPhone Developer";
				DEVELOPMENT_TEAM = VP7JWS9W9X;
				GCC_C_LANGUAGE_STANDARD = gnu11;
				INFOPLIST_FILE = "CSProgressHUD-Demo/Info.plist";
				LD_RUNPATH_SEARCH_PATHS = "$(inherited) @executable_path/Frameworks";
				PRODUCT_BUNDLE_IDENTIFIER = "com.comtasoft.CSProgressHUD-Demo";
				PRODUCT_NAME = "$(TARGET_NAME)";
				PROVISIONING_PROFILE_SPECIFIER = "";
				SWIFT_VERSION = 4.2;
			};
			name = Debug;
		};
		8F586F181EAF2AD00098343B /* Release */ = {
			isa = XCBuildConfiguration;
			buildSettings = {
				ALWAYS_EMBED_SWIFT_STANDARD_LIBRARIES = YES;
				ASSETCATALOG_COMPILER_APPICON_NAME = AppIcon;
				"CODE_SIGN_IDENTITY[sdk=iphoneos*]" = "iPhone Developer";
				DEVELOPMENT_TEAM = VP7JWS9W9X;
				GCC_C_LANGUAGE_STANDARD = gnu11;
				INFOPLIST_FILE = "CSProgressHUD-Demo/Info.plist";
				LD_RUNPATH_SEARCH_PATHS = "$(inherited) @executable_path/Frameworks";
				PRODUCT_BUNDLE_IDENTIFIER = "com.comtasoft.CSProgressHUD-Demo";
				PRODUCT_NAME = "$(TARGET_NAME)";
				PROVISIONING_PROFILE_SPECIFIER = "";
				SWIFT_VERSION = 4.2;
			};
			name = Release;
		};
/* End XCBuildConfiguration section */

/* Begin XCConfigurationList section */
		8F586EFF1EAF2ACF0098343B /* Build configuration list for PBXProject "CSProgressHUD-Demo" */ = {
			isa = XCConfigurationList;
			buildConfigurations = (
				8F586F141EAF2AD00098343B /* Debug */,
				8F586F151EAF2AD00098343B /* Release */,
			);
			defaultConfigurationIsVisible = 0;
			defaultConfigurationName = Release;
		};
		8F586F161EAF2AD00098343B /* Build configuration list for PBXNativeTarget "CSProgressHUD-Demo" */ = {
			isa = XCConfigurationList;
			buildConfigurations = (
				8F586F171EAF2AD00098343B /* Debug */,
				8F586F181EAF2AD00098343B /* Release */,
			);
			defaultConfigurationIsVisible = 0;
			defaultConfigurationName = Release;
		};
/* End XCConfigurationList section */
	};
	rootObject = 8F586EFC1EAF2ACF0098343B /* Project object */;
}
